<?xml version="1.0" encoding="utf-8"?>
<Project ToolsVersion="15.0" xmlns="http://schemas.microsoft.com/developer/msbuild/2003">
  <ItemGroup>
    <CustomBuild Include="D:\DEV\CPP\Projects\sqlite3cpp\cmakeintro\CMakeFiles\ffbbf4c3423db691528a5837cf3dd9fc\generate.stamp.rule">
      <Filter>CMake Rules</Filter>
    </CustomBuild>
  </ItemGroup>
  <ItemGroup>
    <Filter Include="CMake Rules">
      <UniqueIdentifier>{72A0CF6A-4EF0-3258-9F20-01F105A9D907}</UniqueIdentifier>
    </Filter>
  </ItemGroup>
</Project>
